// !$*UTF8*$!
{
	archiveVersion = 1;
	classes = {
	};
	objectVersion = 46;
	objects = {

/* Begin PBXBuildFile section */
		F50E5C561C5827B000932B8A /* Pin.swift in Sources */ = {isa = PBXBuildFile; fileRef = F50E5C551C5827B000932B8A /* Pin.swift */; };
		F5697CE61C5801A700E61E16 /* AppDelegate.swift in Sources */ = {isa = PBXBuildFile; fileRef = F5697CE51C5801A700E61E16 /* AppDelegate.swift */; };
		F5697CE81C5801A700E61E16 /* ViewController.swift in Sources */ = {isa = PBXBuildFile; fileRef = F5697CE71C5801A700E61E16 /* ViewController.swift */; };
		F5697CEB1C5801A700E61E16 /* Main.storyboard in Resources */ = {isa = PBXBuildFile; fileRef = F5697CE91C5801A700E61E16 /* Main.storyboard */; };
		F5697CED1C5801A700E61E16 /* Assets.xcassets in Resources */ = {isa = PBXBuildFile; fileRef = F5697CEC1C5801A700E61E16 /* Assets.xcassets */; };
		F5697CF01C5801A700E61E16 /* LaunchScreen.storyboard in Resources */ = {isa = PBXBuildFile; fileRef = F5697CEE1C5801A700E61E16 /* LaunchScreen.storyboard */; };
		F5697CFA1C580E9500E61E16 /* ItemCell.swift in Sources */ = {isa = PBXBuildFile; fileRef = F5697CF91C580E9500E61E16 /* ItemCell.swift */; };
		F5697CFC1C5819AA00E61E16 /* Protocols.swift in Sources */ = {isa = PBXBuildFile; fileRef = F5697CFB1C5819AA00E61E16 /* Protocols.swift */; };
		F5697CFE1C5819F300E61E16 /* AddItemViewController.swift in Sources */ = {isa = PBXBuildFile; fileRef = F5697CFD1C5819F300E61E16 /* AddItemViewController.swift */; };
		F5697D001C581DB800E61E16 /* Item.swift in Sources */ = {isa = PBXBuildFile; fileRef = F5697CFF1C581DB800E61E16 /* Item.swift */; };
/* End PBXBuildFile section */

/* Begin PBXFileReference section */
		F50E5C551C5827B000932B8A /* Pin.swift */ = {isa = PBXFileReference; fileEncoding = 4; lastKnownFileType = sourcecode.swift; path = Pin.swift; sourceTree = "<group>"; };
		F5697CE21C5801A700E61E16 /* projectUI.app */ = {isa = PBXFileReference; explicitFileType = wrapper.application; includeInIndex = 0; path = projectUI.app; sourceTree = BUILT_PRODUCTS_DIR; };
		F5697CE51C5801A700E61E16 /* AppDelegate.swift */ = {isa = PBXFileReference; lastKnownFileType = sourcecode.swift; path = AppDelegate.swift; sourceTree = "<group>"; };
		F5697CE71C5801A700E61E16 /* ViewController.swift */ = {isa = PBXFileReference; lastKnownFileType = sourcecode.swift; path = ViewController.swift; sourceTree = "<group>"; };
		F5697CEA1C5801A700E61E16 /* Base */ = {isa = PBXFileReference; lastKnownFileType = file.storyboard; name = Base; path = Base.lproj/Main.storyboard; sourceTree = "<group>"; };
		F5697CEC1C5801A700E61E16 /* Assets.xcassets */ = {isa = PBXFileReference; lastKnownFileType = folder.assetcatalog; path = Assets.xcassets; sourceTree = "<group>"; };
		F5697CEF1C5801A700E61E16 /* Base */ = {isa = PBXFileReference; lastKnownFileType = file.storyboard; name = Base; path = Base.lproj/LaunchScreen.storyboard; sourceTree = "<group>"; };
		F5697CF11C5801A700E61E16 /* Info.plist */ = {isa = PBXFileReference; lastKnownFileType = text.plist.xml; path = Info.plist; sourceTree = "<group>"; };
		F5697CF91C580E9500E61E16 /* ItemCell.swift */ = {isa = PBXFileReference; fileEncoding = 4; lastKnownFileType = sourcecode.swift; path = ItemCell.swift; sourceTree = "<group>"; };
		F5697CFB1C5819AA00E61E16 /* Protocols.swift */ = {isa = PBXFileReference; fileEncoding = 4; lastKnownFileType = sourcecode.swift; path = Protocols.swift; sourceTree = "<group>"; };
		F5697CFD1C5819F300E61E16 /* AddItemViewController.swift */ = {isa = PBXFileReference; fileEncoding = 4; lastKnownFileType = sourcecode.swift; path = AddItemViewController.swift; sourceTree = "<group>"; };
		F5697CFF1C581DB800E61E16 /* Item.swift */ = {isa = PBXFileReference; fileEncoding = 4; lastKnownFileType = sourcecode.swift; path = Item.swift; sourceTree = "<group>"; };
/* End PBXFileReference section */

/* Begin PBXFrameworksBuildPhase section */
		F5697CDF1C5801A700E61E16 /* Frameworks */ = {
			isa = PBXFrameworksBuildPhase;
			buildActionMask = 2147483647;
			files = (
			);
			runOnlyForDeploymentPostprocessing = 0;
		};
/* End PBXFrameworksBuildPhase section */

/* Begin PBXGroup section */
		F5697CD91C5801A700E61E16 = {
			isa = PBXGroup;
			children = (
				F5697CE41C5801A700E61E16 /* projectUI */,
				F5697CE31C5801A700E61E16 /* Products */,
			);
			sourceTree = "<group>";
		};
		F5697CE31C5801A700E61E16 /* Products */ = {
			isa = PBXGroup;
			children = (
				F5697CE21C5801A700E61E16 /* projectUI.app */,
			);
			name = Products;
			sourceTree = "<group>";
		};
		F5697CE41C5801A700E61E16 /* projectUI */ = {
			isa = PBXGroup;
			children = (
				F5697CE51C5801A700E61E16 /* AppDelegate.swift */,
				F5697CE71C5801A700E61E16 /* ViewController.swift */,
				F5697CFD1C5819F300E61E16 /* AddItemViewController.swift */,
				F5697CE91C5801A700E61E16 /* Main.storyboard */,
				F5697CEC1C5801A700E61E16 /* Assets.xcassets */,
				F5697CEE1C5801A700E61E16 /* LaunchScreen.storyboard */,
				F5697CF11C5801A700E61E16 /* Info.plist */,
				F5697CF91C580E9500E61E16 /* ItemCell.swift */,
				F5697CFB1C5819AA00E61E16 /* Protocols.swift */,
				F5697CFF1C581DB800E61E16 /* Item.swift */,
				F50E5C551C5827B000932B8A /* Pin.swift */,
			);
			path = projectUI;
			sourceTree = "<group>";
		};
/* End PBXGroup section */

/* Begin PBXNativeTarget section */
		F5697CE11C5801A700E61E16 /* projectUI */ = {
			isa = PBXNativeTarget;
			buildConfigurationList = F5697CF41C5801A700E61E16 /* Build configuration list for PBXNativeTarget "projectUI" */;
			buildPhases = (
				F5697CDE1C5801A700E61E16 /* Sources */,
				F5697CDF1C5801A700E61E16 /* Frameworks */,
				F5697CE01C5801A700E61E16 /* Resources */,
			);
			buildRules = (
			);
			dependencies = (
			);
			name = projectUI;
			productName = projectUI;
			productReference = F5697CE21C5801A700E61E16 /* projectUI.app */;
			productType = "com.apple.product-type.application";
		};
/* End PBXNativeTarget section */

/* Begin PBXProject section */
		F5697CDA1C5801A700E61E16 /* Project object */ = {
			isa = PBXProject;
			attributes = {
				LastSwiftUpdateCheck = 0720;
				LastUpgradeCheck = 0720;
				ORGANIZATIONNAME = "Sarah Sherman";
				TargetAttributes = {
					F5697CE11C5801A700E61E16 = {
						CreatedOnToolsVersion = 7.2;
					};
				};
			};
			buildConfigurationList = F5697CDD1C5801A700E61E16 /* Build configuration list for PBXProject "projectUI" */;
			compatibilityVersion = "Xcode 3.2";
			developmentRegion = English;
			hasScannedForEncodings = 0;
			knownRegions = (
				en,
				Base,
			);
			mainGroup = F5697CD91C5801A700E61E16;
			productRefGroup = F5697CE31C5801A700E61E16 /* Products */;
			projectDirPath = "";
			projectRoot = "";
			targets = (
				F5697CE11C5801A700E61E16 /* projectUI */,
			);
		};
/* End PBXProject section */

/* Begin PBXResourcesBuildPhase section */
		F5697CE01C5801A700E61E16 /* Resources */ = {
			isa = PBXResourcesBuildPhase;
			buildActionMask = 2147483647;
			files = (
				F5697CF01C5801A700E61E16 /* LaunchScreen.storyboard in Resources */,
				F5697CED1C5801A700E61E16 /* Assets.xcassets in Resources */,
				F5697CEB1C5801A700E61E16 /* Main.storyboard in Resources */,
			);
			runOnlyForDeploymentPostprocessing = 0;
		};
/* End PBXResourcesBuildPhase section */

/* Begin PBXSourcesBuildPhase section */
		F5697CDE1C5801A700E61E16 /* Sources */ = {
			isa = PBXSourcesBuildPhase;
			buildActionMask = 2147483647;
			files = (
				F50E5C561C5827B000932B8A /* Pin.swift in Sources */,
				F5697CE81C5801A700E61E16 /* ViewController.swift in Sources */,
				F5697CFE1C5819F300E61E16 /* AddItemViewController.swift in Sources */,
				F5697CE61C5801A700E61E16 /* AppDelegate.swift in Sources */,
				F5697CFA1C580E9500E61E16 /* ItemCell.swift in Sources */,
				F5697D001C581DB800E61E16 /* Item.swift in Sources */,
				F5697CFC1C5819AA00E61E16 /* Protocols.swift in Sources */,
			);
			runOnlyForDeploymentPostprocessing = 0;
		};
/* End PBXSourcesBuildPhase section */

/* Begin PBXVariantGroup section */
		F5697CE91C5801A700E61E16 /* Main.storyboard */ = {
			isa = PBXVariantGroup;
			children = (
				F5697CEA1C5801A700E61E16 /* Base */,
			);
			name = Main.storyboard;
			sourceTree = "<group>";
		};
		F5697CEE1C5801A700E61E16 /* LaunchScreen.storyboard */ = {
			isa = PBXVariantGroup;
			children = (
				F5697CEF1C5801A700E61E16 /* Base */,
			);
			name = LaunchScreen.storyboard;
			sourceTree = "<group>";
		};
/* End PBXVariantGroup section */

/* Begin XCBuildConfiguration section */
		F5697CF21C5801A700E61E16 /* Debug */ = {
			isa = XCBuildConfiguration;
			buildSettings = {
				ALWAYS_SEARCH_USER_PATHS = NO;
				CLANG_CXX_LANGUAGE_STANDARD = "gnu++0x";
				CLANG_CXX_LIBRARY = "libc++";
				CLANG_ENABLE_MODULES = YES;
				CLANG_ENABLE_OBJC_ARC = YES;
				CLANG_WARN_BOOL_CONVERSION = YES;
				CLANG_WARN_CONSTANT_CONVERSION = YES;
				CLANG_WARN_DIRECT_OBJC_ISA_USAGE = YES_ERROR;
				CLANG_WARN_EMPTY_BODY = YES;
				CLANG_WARN_ENUM_CONVERSION = YES;
				CLANG_WARN_INT_CONVERSION = YES;
				CLANG_WARN_OBJC_ROOT_CLASS = YES_ERROR;
				CLANG_WARN_UNREACHABLE_CODE = YES;
				CLANG_WARN__DUPLICATE_METHOD_MATCH = YES;
				"CODE_SIGN_IDENTITY[sdk=iphoneos*]" = "iPhone Developer";
				COPY_PHASE_STRIP = NO;
				DEBUG_INFORMATION_FORMAT = dwarf;
				ENABLE_STRICT_OBJC_MSGSEND = YES;
				ENABLE_TESTABILITY = YES;
				GCC_C_LANGUAGE_STANDARD = gnu99;
				GCC_DYNAMIC_NO_PIC = NO;
				GCC_NO_COMMON_BLOCKS = YES;
				GCC_OPTIMIZATION_LEVEL = 0;
				GCC_PREPROCESSOR_DEFINITIONS = (
					"DEBUG=1",
					"$(inherited)",
				);
				GCC_WARN_64_TO_32_BIT_CONVERSION = YES;
				GCC_WARN_ABOUT_RETURN_TYPE = YES_ERROR;
				GCC_WARN_UNDECLARED_SELECTOR = YES;
				GCC_WARN_UNINITIALIZED_AUTOS = YES_AGGRESSIVE;
				GCC_WARN_UNUSED_FUNCTION = YES;
				GCC_WARN_UNUSED_VARIABLE = YES;
				IPHONEOS_DEPLOYMENT_TARGET = 9.2;
				MTL_ENABLE_DEBUG_INFO = YES;
				ONLY_ACTIVE_ARCH = YES;
				SDKROOT = iphoneos;
				SWIFT_OPTIMIZATION_LEVEL = "-Onone";
				TARGETED_DEVICE_FAMILY = "1,2";
			};
			name = Debug;
		};
		F5697CF31C5801A700E61E16 /* Release */ = {
			isa = XCBuildConfiguration;
			buildSettings = {
				ALWAYS_SEARCH_USER_PATHS = NO;
				CLANG_CXX_LANGUAGE_STANDARD = "gnu++0x";
				CLANG_CXX_LIBRARY = "libc++";
				CLANG_ENABLE_MODULES = YES;
				CLANG_ENABLE_OBJC_ARC = YES;
				CLANG_WARN_BOOL_CONVERSION = YES;
				CLANG_WARN_CONSTANT_CONVERSION = YES;
				CLANG_WARN_DIRECT_OBJC_ISA_USAGE = YES_ERROR;
				CLANG_WARN_EMPTY_BODY = YES;
				CLANG_WARN_ENUM_CONVERSION = YES;
				CLANG_WARN_INT_CONVERSION = YES;
				CLANG_WARN_OBJC_ROOT_CLASS = YES_ERROR;
				CLANG_WARN_UNREACHABLE_CODE = YES;
				CLANG_WARN__DUPLICATE_METHOD_MATCH = YES;
				"CODE_SIGN_IDENTITY[sdk=iphoneos*]" = "iPhone Developer";
				COPY_PHASE_STRIP = NO;
				DEBUG_INFORMATION_FORMAT = "dwarf-with-dsym";
				ENABLE_NS_ASSERTIONS = NO;
				ENABLE_STRICT_OBJC_MSGSEND = YES;
				GCC_C_LANGUAGE_STANDARD = gnu99;
				GCC_NO_COMMON_BLOCKS = YES;
				GCC_WARN_64_TO_32_BIT_CONVERSION = YES;
				GCC_WARN_ABOUT_RETURN_TYPE = YES_ERROR;
				GCC_WARN_UNDECLARED_SELECTOR = YES;
				GCC_WARN_UNINITIALIZED_AUTOS = YES_AGGRESSIVE;
				GCC_WARN_UNUSED_FUNCTION = YES;
				GCC_WARN_UNUSED_VARIABLE = YES;
				IPHONEOS_DEPLOYMENT_TARGET = 9.2;
				MTL_ENABLE_DEBUG_INFO = NO;
				SDKROOT = iphoneos;
				TARGETED_DEVICE_FAMILY = "1,2";
				VALIDATE_PRODUCT = YES;
			};
			name = Release;
		};
		F5697CF51C5801A700E61E16 /* Debug */ = {
			isa = XCBuildConfiguration;
			buildSettings = {
				ASSETCATALOG_COMPILER_APPICON_NAME = AppIcon;
				INFOPLIST_FILE = projectUI/Info.plist;
				LD_RUNPATH_SEARCH_PATHS = "$(inherited) @executable_path/Frameworks";
				PRODUCT_BUNDLE_IDENTIFIER = sarsherman.projectUI;
				PRODUCT_NAME = "$(TARGET_NAME)";
			};
			name = Debug;
		};
		F5697CF61C5801A700E61E16 /* Release */ = {
			isa = XCBuildConfiguration;
			buildSettings = {
				ASSETCATALOG_COMPILER_APPICON_NAME = AppIcon;
				INFOPLIST_FILE = projectUI/Info.plist;
				LD_RUNPATH_SEARCH_PATHS = "$(inherited) @executable_path/Frameworks";
				PRODUCT_BUNDLE_IDENTIFIER = sarsherman.projectUI;
				PRODUCT_NAME = "$(TARGET_NAME)";
			};
			name = Release;
		};
/* End XCBuildConfiguration section */

/* Begin XCConfigurationList section */
		F5697CDD1C5801A700E61E16 /* Build configuration list for PBXProject "projectUI" */ = {
			isa = XCConfigurationList;
			buildConfigurations = (
				F5697CF21C5801A700E61E16 /* Debug */,
				F5697CF31C5801A700E61E16 /* Release */,
			);
			defaultConfigurationIsVisible = 0;
			defaultConfigurationName = Release;
		};
		F5697CF41C5801A700E61E16 /* Build configuration list for PBXNativeTarget "projectUI" */ = {
			isa = XCConfigurationList;
			buildConfigurations = (
				F5697CF51C5801A700E61E16 /* Debug */,
				F5697CF61C5801A700E61E16 /* Release */,
			);
			defaultConfigurationIsVisible = 0;
			defaultConfigurationName = Release;
		};
/* End XCConfigurationList section */
	};
	rootObject = F5697CDA1C5801A700E61E16 /* Project object */;
}
